{
  "requires": true,
  "lockfileVersion": 1,
  "dependencies": {
    "ng2-simple-timer": {
      "version": "8.2.2",
      "resolved": "https://registry.npmjs.org/ng2-simple-timer/-/ng2-simple-timer-8.2.2.tgz",
      "integrity": "sha512-WCj13xkJpieLCHUuGqtL7zRR+EwN34Bv9HGQL2TVFiZSUyhvBSryEpSUCuGCjvdOO0ob/ZH/r6H0aBIik9vFuw==",
      "requires": {
        "tslib": "^1.9.0"
      }
    },
    "tslib": {
      "version": "1.10.0",
      "resolved": "https://registry.npmjs.org/tslib/-/tslib-1.10.0.tgz",
      "integrity": "sha512-qOebF53frne81cf0S9B41ByenJ3/IuH8yJKngAX35CmiZySA0khhkovshKK+jGCaMnVomla7gVlIcc3EvKPbTQ=="
    }
  }
}
