
Microsoft Visual Studio Solution File, Format Version 12.00
# Visual Studio Version 16
VisualStudioVersion = 16.0.29102.190
MinimumVisualStudioVersion = 15.0.26124.0
Project("{9A19103F-16F7-4668-BE54-9A1E7A4F7556}") = "RatingWebApi", "RatingWebApi\RatingWebApi.csproj", "{48391F34-731A-42E0-89BA-541DB0E7B049}"
EndProject
Project("{2150E333-8FDC-42A3-9474-1A3956D46DE8}") = "Solution Items", "Solution Items", "{205C23C2-F2E8-4217-8663-E071E7C5D128}"
	ProjectSection(SolutionItems) = preProject
		.gitlab-ci.yml = .gitlab-ci.yml
		docker-compose.yml = docker-compose.yml
		DockerFile = DockerFile
		kube-manifest.yaml = kube-manifest.yaml
	EndProjectSection
EndProject
Global
	GlobalSection(SolutionConfigurationPlatforms) = preSolution
		Debug|Any CPU = Debug|Any CPU
		Debug|x64 = Debug|x64
		Debug|x86 = Debug|x86
		Release|Any CPU = Release|Any CPU
		Release|x64 = Release|x64
		Release|x86 = Release|x86
	EndGlobalSection
	GlobalSection(ProjectConfigurationPlatforms) = postSolution
		{48391F34-731A-42E0-89BA-541DB0E7B049}.Debug|Any CPU.ActiveCfg = Debug|Any CPU
		{48391F34-731A-42E0-89BA-541DB0E7B049}.Debug|Any CPU.Build.0 = Debug|Any CPU
		{48391F34-731A-42E0-89BA-541DB0E7B049}.Debug|x64.ActiveCfg = Debug|Any CPU
		{48391F34-731A-42E0-89BA-541DB0E7B049}.Debug|x64.Build.0 = Debug|Any CPU
		{48391F34-731A-42E0-89BA-541DB0E7B049}.Debug|x86.ActiveCfg = Debug|Any CPU
		{48391F34-731A-42E0-89BA-541DB0E7B049}.Debug|x86.Build.0 = Debug|Any CPU
		{48391F34-731A-42E0-89BA-541DB0E7B049}.Release|Any CPU.ActiveCfg = Release|Any CPU
		{48391F34-731A-42E0-89BA-541DB0E7B049}.Release|Any CPU.Build.0 = Release|Any CPU
		{48391F34-731A-42E0-89BA-541DB0E7B049}.Release|x64.ActiveCfg = Release|Any CPU
		{48391F34-731A-42E0-89BA-541DB0E7B049}.Release|x64.Build.0 = Release|Any CPU
		{48391F34-731A-42E0-89BA-541DB0E7B049}.Release|x86.ActiveCfg = Release|Any CPU
		{48391F34-731A-42E0-89BA-541DB0E7B049}.Release|x86.Build.0 = Release|Any CPU
	EndGlobalSection
	GlobalSection(SolutionProperties) = preSolution
		HideSolutionNode = FALSE
	EndGlobalSection
	GlobalSection(ExtensibilityGlobals) = postSolution
		SolutionGuid = {FAF8F5FE-353C-4A3B-A4C8-385569DAACD0}
	EndGlobalSection
EndGlobal
